
Microsoft Visual Studio Solution File, Format Version 12.00
# Visual Studio Version 17
VisualStudioVersion = 17.13.35825.156
MinimumVisualStudioVersion = 10.0.40219.1
Project("{FAE04EC0-301F-11D3-BF4B-00C04F79EFBC}") = "ZoomCloneApp.Shared", "ZoomCloneApp.Shared\ZoomCloneApp.Shared.csproj", "{133EC4E3-2F42-40EA-9CCD-D240C3318253}"
EndProject
Project("{FAE04EC0-301F-11D3-BF4B-00C04F79EFBC}") = "ZoomCloneApp.Server", "ZoomCloneApp.Server\ZoomCloneApp.Server.csproj", "{AF70EBA2-E7D3-4599-AACA-CD0421100C32}"
EndProject
Project("{FAE04EC0-301F-11D3-BF4B-00C04F79EFBC}") = "ZoomCloneApp.Client", "ZoomCloneApp.Client\ZoomCloneApp.Client.csproj", "{149E1F7B-9700-4045-B0A1-E85A684C3179}"
EndProject
Global
	GlobalSection(SolutionConfigurationPlatforms) = preSolution
		Debug|Any CPU = Debug|Any CPU
		Release|Any CPU = Release|Any CPU
	EndGlobalSection
	GlobalSection(ProjectConfigurationPlatforms) = postSolution
		{133EC4E3-2F42-40EA-9CCD-D240C3318253}.Debug|Any CPU.ActiveCfg = Debug|Any CPU
		{133EC4E3-2F42-40EA-9CCD-D240C3318253}.Debug|Any CPU.Build.0 = Debug|Any CPU
		{133EC4E3-2F42-40EA-9CCD-D240C3318253}.Release|Any CPU.ActiveCfg = Release|Any CPU
		{133EC4E3-2F42-40EA-9CCD-D240C3318253}.Release|Any CPU.Build.0 = Release|Any CPU
		{AF70EBA2-E7D3-4599-AACA-CD0421100C32}.Debug|Any CPU.ActiveCfg = Debug|Any CPU
		{AF70EBA2-E7D3-4599-AACA-CD0421100C32}.Debug|Any CPU.Build.0 = Debug|Any CPU
		{AF70EBA2-E7D3-4599-AACA-CD0421100C32}.Release|Any CPU.ActiveCfg = Release|Any CPU
		{AF70EBA2-E7D3-4599-AACA-CD0421100C32}.Release|Any CPU.Build.0 = Release|Any CPU
		{149E1F7B-9700-4045-B0A1-E85A684C3179}.Debug|Any CPU.ActiveCfg = Debug|Any CPU
		{149E1F7B-9700-4045-B0A1-E85A684C3179}.Debug|Any CPU.Build.0 = Debug|Any CPU
		{149E1F7B-9700-4045-B0A1-E85A684C3179}.Release|Any CPU.ActiveCfg = Release|Any CPU
		{149E1F7B-9700-4045-B0A1-E85A684C3179}.Release|Any CPU.Build.0 = Release|Any CPU
	EndGlobalSection
	GlobalSection(SolutionProperties) = preSolution
		HideSolutionNode = FALSE
	EndGlobalSection
	GlobalSection(ExtensibilityGlobals) = postSolution
		SolutionGuid = {0E1EC9ED-5919-4FA5-B365-304B606A0BCC}
	EndGlobalSection
EndGlobal
